{
  "name": "formula-python-editor",
  "version": "0.0.1",
  "lockfileVersion": 1,
  "requires": true,
  "dependencies": {
    "@materia-ui/ngx-monaco-editor": {
      "version": "5.0.0",
      "resolved": "https://registry.npmjs.org/@materia-ui/ngx-monaco-editor/-/ngx-monaco-editor-5.0.0.tgz",
      "integrity": "sha512-YN/0zN2XReMh5wC7VqKZSDaLEtAh87L6exfxTTF8Y7VHrVhTDx/Ah7E91uqhKOvdZgrLQhui4LaAEb8VAt7LuA==",
      "requires": {
        "tslib": "^1.10.0"
      },
      "dependencies": {
        "tslib": {
          "version": "1.14.1",
          "resolved": "https://registry.npmjs.org/tslib/-/tslib-1.14.1.tgz",
          "integrity": "sha512-Xni35NKzjgMrwevysHTCArtLDpPvye8zV/0E4EyYn43P7/7qvQwPh9BGkHewbMulVntbigmcT7rdX3BNo9wRJg=="
        }
      }
    },
    "filbert": {
      "version": "0.1.20",
      "resolved": "https://registry.npmjs.org/filbert/-/filbert-0.1.20.tgz",
      "integrity": "sha1-bji2z0Ts4xp9zwKtwfomZj3+lkg="
    },
    "monaco-editor": {
      "version": "0.23.0",
      "resolved": "https://registry.npmjs.org/monaco-editor/-/monaco-editor-0.23.0.tgz",
      "integrity": "sha512-q+CP5zMR/aFiMTE9QlIavGyGicKnG2v/H8qVvybLzeFsARM8f6G9fL0sMST2tyVYCwDKkGamZUI6647A0jR/Lg=="
    },
    "tslib": {
      "version": "2.2.0",
      "resolved": "https://registry.npmjs.org/tslib/-/tslib-2.2.0.tgz",
      "integrity": "sha512-gS9GVHRU+RGn5KQM2rllAlR3dU6m7AcpJKdtH8gFvQiC4Otgk98XnmMU+nZenHt/+VhnBPWwgrJsyrdcw6i23w=="
    }
  }
}
